
Microsoft Visual Studio Solution File, Format Version 12.00
# Visual Studio Version 17
VisualStudioVersion = 17.5.33530.505
MinimumVisualStudioVersion = 10.0.40219.1
Project("{FAE04EC0-301F-11D3-BF4B-00C04F79EFBC}") = "CarRepairShop.web", "CarRepairShop.web\CarRepairShop.web.csproj", "{52FF0E41-CA52-4D47-A8AE-80E023FC3EFC}"
EndProject
Global
	GlobalSection(SolutionConfigurationPlatforms) = preSolution
		Debug|Any CPU = Debug|Any CPU
		Release|Any CPU = Release|Any CPU
	EndGlobalSection
	GlobalSection(ProjectConfigurationPlatforms) = postSolution
		{52FF0E41-CA52-4D47-A8AE-80E023FC3EFC}.Debug|Any CPU.ActiveCfg = Debug|Any CPU
		{52FF0E41-CA52-4D47-A8AE-80E023FC3EFC}.Debug|Any CPU.Build.0 = Debug|Any CPU
		{52FF0E41-CA52-4D47-A8AE-80E023FC3EFC}.Release|Any CPU.ActiveCfg = Release|Any CPU
		{52FF0E41-CA52-4D47-A8AE-80E023FC3EFC}.Release|Any CPU.Build.0 = Release|Any CPU
	EndGlobalSection
	GlobalSection(SolutionProperties) = preSolution
		HideSolutionNode = FALSE
	EndGlobalSection
	GlobalSection(ExtensibilityGlobals) = postSolution
		SolutionGuid = {74243B06-166B-4818-8C29-12EB54A92DC5}
	EndGlobalSection
EndGlobal
